{
    "version": 3,
    "terraform_version": "0.11.7",
    "serial": 3,
    "lineage": "55fa4d27-86a2-a91f-be26-31e3cfe2d8b1",
    "modules": [
        {
            "path": [
                "root"
            ],
            "outputs": {},
            "resources": {
                "digitalocean_droplet.web": {
                    "type": "digitalocean_droplet",
                    "depends_on": [],
                    "primary": {
                        "id": "94086246",
                        "attributes": {
                            "disk": "20",
                            "id": "94086246",
                            "image": "34398260",
                            "ipv4_address": "159.65.168.10",
                            "locked": "false",
                            "name": "devops-v2",
                            "price_hourly": "0.00744",
                            "price_monthly": "5",
                            "region": "nyc3",
                            "resize_disk": "true",
                            "size": "512mb",
                            "ssh_keys.#": "1",
                            "ssh_keys.0": "20843332",
                            "status": "active",
                            "tags.#": "0",
                            "user_data": " #cloud-config\r\n  coreos:\r\n    units:\r\n      - name: devopsdemo.service\r\n        command: start\r\n        runtime: true\r\n        content: |\r\n          [Unit]\r\n          Description=devops demo\r\n          Author=John Serrano\r\n          After=docker.service\r\n          Requires=docker.service\r\n\r\n          [Service]\r\n          ExecStart=/usr/bin/docker run -d -p 3000:3000 devops",
                            "vcpus": "1"
                        },
                        "meta": {},
                        "tainted": false
                    },
                    "deposed": [],
                    "provider": "provider.digitalocean"
                }
            },
            "depends_on": []
        }
    ]
}
