{
    "version": 3,
    "terraform_version": "0.11.7",
    "serial": 5,
    "lineage": "55fa4d27-86a2-a91f-be26-31e3cfe2d8b1",
    "modules": [
        {
            "path": [
                "root"
            ],
            "outputs": {},
            "resources": {
                "digitalocean_droplet.web.0": {
                    "type": "digitalocean_droplet",
                    "depends_on": [],
                    "primary": {
                        "id": "94098817",
                        "attributes": {
                            "disk": "20",
                            "id": "94098817",
                            "image": "34398260",
                            "ipv4_address": "104.131.60.25",
                            "locked": "false",
                            "name": "devops-v2",
                            "price_hourly": "0.00744",
                            "price_monthly": "5",
                            "region": "nyc3",
                            "resize_disk": "true",
                            "size": "512mb",
                            "ssh_keys.#": "1",
                            "ssh_keys.0": "20843332",
                            "status": "active",
                            "tags.#": "1",
                            "tags.0": "website",
                            "user_data": "#cloud-config\r\ncoreos:\r\n  units:\r\n    - name: devopsdemo.service\r\n      command: start\r\n      runtime: true\r\n      content: |\r\n        [Unit]\r\n        Description=devops demo\r\n        Author=John Serrano\r\n        After=docker.service\r\n        Requires=docker.service\r\n\r\n        [Service]\r\n        ExecStart=/usr/bin/docker run -d -p 3000:3000 devops",
                            "vcpus": "1"
                        },
                        "meta": {},
                        "tainted": false
                    },
                    "deposed": [],
                    "provider": "provider.digitalocean"
                },
                "digitalocean_droplet.web.1": {
                    "type": "digitalocean_droplet",
                    "depends_on": [],
                    "primary": {
                        "id": "94100164",
                        "attributes": {
                            "disk": "20",
                            "id": "94100164",
                            "image": "34398260",
                            "ipv4_address": "138.197.71.249",
                            "locked": "false",
                            "name": "devops-v2",
                            "price_hourly": "0.00744",
                            "price_monthly": "5",
                            "region": "nyc3",
                            "resize_disk": "true",
                            "size": "512mb",
                            "ssh_keys.#": "1",
                            "ssh_keys.0": "20843332",
                            "status": "active",
                            "tags.#": "1",
                            "tags.0": "website",
                            "user_data": "#cloud-config\r\ncoreos:\r\n  units:\r\n    - name: devopsdemo.service\r\n      command: start\r\n      runtime: true\r\n      content: |\r\n        [Unit]\r\n        Description=devops demo\r\n        Author=John Serrano\r\n        After=docker.service\r\n        Requires=docker.service\r\n\r\n        [Service]\r\n        ExecStart=/usr/bin/docker run -d -p 3000:3000 devops",
                            "vcpus": "1"
                        },
                        "meta": {},
                        "tainted": false
                    },
                    "deposed": [],
                    "provider": "provider.digitalocean"
                },
                "digitalocean_droplet.web.2": {
                    "type": "digitalocean_droplet",
                    "depends_on": [],
                    "primary": {
                        "id": "94100165",
                        "attributes": {
                            "disk": "20",
                            "id": "94100165",
                            "image": "34398260",
                            "ipv4_address": "174.138.59.67",
                            "locked": "false",
                            "name": "devops-v2",
                            "price_hourly": "0.00744",
                            "price_monthly": "5",
                            "region": "nyc3",
                            "resize_disk": "true",
                            "size": "512mb",
                            "ssh_keys.#": "1",
                            "ssh_keys.0": "20843332",
                            "status": "active",
                            "tags.#": "1",
                            "tags.0": "website",
                            "user_data": "#cloud-config\r\ncoreos:\r\n  units:\r\n    - name: devopsdemo.service\r\n      command: start\r\n      runtime: true\r\n      content: |\r\n        [Unit]\r\n        Description=devops demo\r\n        Author=John Serrano\r\n        After=docker.service\r\n        Requires=docker.service\r\n\r\n        [Service]\r\n        ExecStart=/usr/bin/docker run -d -p 3000:3000 devops",
                            "vcpus": "1"
                        },
                        "meta": {},
                        "tainted": false
                    },
                    "deposed": [],
                    "provider": "provider.digitalocean"
                }
            },
            "depends_on": []
        }
    ]
}
